# This file is automatically @generated by Poetry 1.6.1 and should not be changed by hand.

[[package]]
name = "cramjam"
version = "2.7.0"
description = "Thin Python bindings to de/compression algorithms in Rust"
optional = false
python-versions = ">=3.7"
files = [
    {file = "cramjam-2.7.0-cp310-cp310-macosx_10_7_x86_64.whl", hash = "sha256:aac9d49e16f473ceb4eaf74a53180eac3363127f01855c39122b400a988e80bf"},
    {file = "cramjam-2.7.0-cp310-cp310-macosx_10_9_x86_64.macosx_11_0_arm64.macosx_10_9_universal2.whl", hash = "sha256:a08dcb7c7b54f82db4ee9120aaace06326499c0d4108770ee7ac63d7bd1d803d"},
    {file = "cramjam-2.7.0-cp310-cp310-manylinux_2_17_aarch64.manylinux2014_aarch64.whl", hash = "sha256:d5c411d785cec410d4164e4ecc76b6c152761fbb61325bcc4acbdc8926874c0b"},
    {file = "cramjam-2.7.0-cp310-cp310-manylinux_2_17_armv7l.manylinux2014_armv7l.whl", hash = "sha256:d07c5af763501bd23523658aeb535082eaac014746f7973df85f76b0d9b40967"},
    {file = "cramjam-2.7.0-cp310-cp310-manylinux_2_17_ppc64le.manylinux2014_ppc64le.whl", hash = "sha256:a7f93316abc1abfd348b04afc6cadbbd4fba44cd91e7b9803c9330045a7a1885"},
    {file = "cramjam-2.7.0-cp310-cp310-manylinux_2_17_s390x.manylinux2014_s390x.whl", hash = "sha256:4d56afb5f278a18743a218514825b6ab176f18a4084d8f6515c64e3acef19478"},
    {file = "cramjam-2.7.0-cp310-cp310-manylinux_2_17_x86_64.manylinux2014_x86_64.whl", hash = "sha256:8ea1c781d3760df0b6ad80b7b19dc8e038e0638fb1cfabc68da96cedb8d0adca"},
    {file = "cramjam-2.7.0-cp310-cp310-manylinux_2_5_i686.manylinux1_i686.whl", hash = "sha256:f3544ea95d0e98ac926d92d652adc417e78091117cbe2ef7733e26c40601604c"},
    {file = "cramjam-2.7.0-cp310-none-win32.whl", hash = "sha256:0ffb891294e77f2a3b0137992ebd6eb9b1f1bc3728d7d4314632e30270855117"},
    {file = "cramjam-2.7.0-cp310-none-win_amd64.whl", hash = "sha256:79c36d95e89b43c29595c889c7a4d30d29aefc55d7c58a26a058b9bbe7abd5cf"},
    {file = "cramjam-2.7.0-cp311-cp311-macosx_10_7_x86_64.whl", hash = "sha256:71bf6a6632648333c402a8692fe61f45416066eb0d8b7f4530cdf37fee221a11"},
    {file = "cramjam-2.7.0-cp311-cp311-macosx_10_9_x86_64.macosx_11_0_arm64.macosx_10_9_universal2.whl", hash = "sha256:bee04fd1cdd5f2a2e91e4b271f22e228c698fe7b7f8ef209374d717f7889e80c"},
    {file = "cramjam-2.7.0-cp311-cp311-manylinux_2_17_aarch64.manylinux2014_aarch64.whl", hash = "sha256:60951e64d3e05ef2a46d2a92fc4e4563ae5e28bb3b6f231f2dca68a5078a72dc"},
    {file = "cramjam-2.7.0-cp311-cp311-manylinux_2_17_armv7l.manylinux2014_armv7l.whl", hash = "sha256:e6231fd3ac680c34c0d8405abfa8c3d12f92e28d0897d960aa905f053cc09e63"},
    {file = "cramjam-2.7.0-cp311-cp311-manylinux_2_17_ppc64le.manylinux2014_ppc64le.whl", hash = "sha256:c2602c42ed101ada634fa37253d40946f0468b2b749689781cba715a7d78038e"},
    {file = "cramjam-2.7.0-cp311-cp311-manylinux_2_17_s390x.manylinux2014_s390x.whl", hash = "sha256:fbc59b223750a901d65d96333461ab17076594fa34448ed2ef911bd4b628f068"},
    {file = "cramjam-2.7.0-cp311-cp311-manylinux_2_17_x86_64.manylinux2014_x86_64.whl", hash = "sha256:fab800ed93fb129d85c63f26660b695fb194efb29765a163f269321778e28a8d"},
    {file = "cramjam-2.7.0-cp311-cp311-manylinux_2_5_i686.manylinux1_i686.whl", hash = "sha256:0b48b11c328d91250dadc63c00753f5ba26eb9df5fe75ba2ce8a78631260479d"},
    {file = "cramjam-2.7.0-cp311-none-win32.whl", hash = "sha256:bef07e7d4607c4d70627e58eb630fe60e48b80a61ab05b33314e3296eb90af78"},
    {file = "cramjam-2.7.0-cp311-none-win_amd64.whl", hash = "sha256:3f2e41dc8143d0e88ec9ba3ff66c8d2aea486b04931119abe9e394f9961d74bc"},
    {file = "cramjam-2.7.0-cp312-cp312-macosx_10_7_x86_64.whl", hash = "sha256:8e82276b120000834af3f776cbe22ac3016cd9e0ed00e7f3fb31e2ce95e17181"},
    {file = "cramjam-2.7.0-cp312-cp312-macosx_10_9_x86_64.macosx_11_0_arm64.macosx_10_9_universal2.whl", hash = "sha256:2b5a463b01d8867f78a361defb4fadca63635965e8204f7e2409b717d85f0c1d"},
    {file = "cramjam-2.7.0-cp312-cp312-manylinux_2_17_aarch64.manylinux2014_aarch64.whl", hash = "sha256:b84565611f36ee8c3944b96bb01ee4d44c101acf84f1430c9414986ab3a7fb03"},
    {file = "cramjam-2.7.0-cp312-cp312-manylinux_2_17_armv7l.manylinux2014_armv7l.whl", hash = "sha256:3cd45d09229960a89e0e3bbf71d29ac399391446f51279f3202846d7da106eb7"},
    {file = "cramjam-2.7.0-cp312-cp312-manylinux_2_17_ppc64le.manylinux2014_ppc64le.whl", hash = "sha256:4bb065d054e49645414bc84eaa49a6b7ed6c7185fb8ba2648c518344cf481144"},
    {file = "cramjam-2.7.0-cp312-cp312-manylinux_2_17_s390x.manylinux2014_s390x.whl", hash = "sha256:9a3f45cd17730c00358643a814d5921a31c8a0d238582e08594fa86fdbc8401c"},
    {file = "cramjam-2.7.0-cp312-cp312-manylinux_2_17_x86_64.manylinux2014_x86_64.whl", hash = "sha256:6bf4ec082a7647ed7463c5e0bd176850a9f013c258ad98f53055bcd1716c7fac"},
    {file = "cramjam-2.7.0-cp312-cp312-manylinux_2_5_i686.manylinux1_i686.whl", hash = "sha256:9f9e403be6307e98a47cc7d0132fe1fe4683c873c5d7d9da099fbac9c299a4b0"},
    {file = "cramjam-2.7.0-cp312-none-win32.whl", hash = "sha256:fd2e81c69baacb95fa28cdf844f714d7c03f0c805f4fa2decc5e9565e6b4405d"},
    {file = "cramjam-2.7.0-cp312-none-win_amd64.whl", hash = "sha256:831951a3eccebd5911387e3fff14483747d3dae5ad496afbd50447ffe2d03dba"},
    {file = "cramjam-2.7.0-cp37-cp37m-macosx_10_7_x86_64.whl", hash = "sha256:d143ccb3f5aae640f0c2dd6244d43f5e5e81d847b50c2eb9f08dcc3dc33f367a"},
    {file = "cramjam-2.7.0-cp37-cp37m-manylinux_2_17_aarch64.manylinux2014_aarch64.whl", hash = "sha256:47ae97247a58d3095be800420bba7e43cc6958e67f9dfddd12decdb4c99c4d6f"},
    {file = "cramjam-2.7.0-cp37-cp37m-manylinux_2_17_armv7l.manylinux2014_armv7l.whl", hash = "sha256:6a8f0fd14bd11f2a625e5c554fd93c7775082c31ffd9fbabb4fe9db3031645d0"},
    {file = "cramjam-2.7.0-cp37-cp37m-manylinux_2_17_ppc64le.manylinux2014_ppc64le.whl", hash = "sha256:89b683919ffc846b91b405d5f14df8a2ba1167f4ed9277150298fbe91a3d4aae"},
    {file = "cramjam-2.7.0-cp37-cp37m-manylinux_2_17_s390x.manylinux2014_s390x.whl", hash = "sha256:66d6a7906fbe8c2e46e987d5a3a9cb235e931b3e4721ac7d8573151c419e3f73"},
    {file = "cramjam-2.7.0-cp37-cp37m-manylinux_2_17_x86_64.manylinux2014_x86_64.whl", hash = "sha256:272ab041e95e4088321bffd63ead85d32f86f9fc79f37944663abb59e7fecbb1"},
    {file = "cramjam-2.7.0-cp37-cp37m-manylinux_2_5_i686.manylinux1_i686.whl", hash = "sha256:9698ed7fe78b4de81dcee0624311ee93a4436f0b3e3c6b147a6745a3fd210272"},
    {file = "cramjam-2.7.0-cp37-none-win32.whl", hash = "sha256:5e3869a2ecb7764f18e81afa07aa15a6f28921ae4508ab002314aafecfe7a285"},
    {file = "cramjam-2.7.0-cp37-none-win_amd64.whl", hash = "sha256:58bf5b4dd8f1edaa3bd66b51a26790115efa36cebf66a198a60d095739010b36"},
    {file = "cramjam-2.7.0-cp38-cp38-macosx_10_7_x86_64.whl", hash = "sha256:1bfd9e9f050a4ef82644a5443742bd6e4d41afc201d5142dfbb5ac73a4f96b94"},
    {file = "cramjam-2.7.0-cp38-cp38-macosx_10_9_x86_64.macosx_11_0_arm64.macosx_10_9_universal2.whl", hash = "sha256:e8b8b968db6a6ec03de231ca17536f8cd69d74e36f0e47e68391a22231c0042c"},
    {file = "cramjam-2.7.0-cp38-cp38-manylinux_2_17_aarch64.manylinux2014_aarch64.whl", hash = "sha256:820421600d395d0e11b9da1e983acde453637090f5a15abb45f5182cd35f9c3a"},
    {file = "cramjam-2.7.0-cp38-cp38-manylinux_2_17_armv7l.manylinux2014_armv7l.whl", hash = "sha256:5f8d684a8b918e289bd213d55ea5f67dbf6cc379492e2a7e094724ec62846dea"},
    {file = "cramjam-2.7.0-cp38-cp38-manylinux_2_17_ppc64le.manylinux2014_ppc64le.whl", hash = "sha256:4f48e35701528beed092d97c5a1a6ba6c8902c3485d7e3a55c463162bb66afa0"},
    {file = "cramjam-2.7.0-cp38-cp38-manylinux_2_17_s390x.manylinux2014_s390x.whl", hash = "sha256:241b9853de56524895c17541d34bdcdd316261247253cb9faeb57a21cc2ae28c"},
    {file = "cramjam-2.7.0-cp38-cp38-manylinux_2_17_x86_64.manylinux2014_x86_64.whl", hash = "sha256:7b0fa1f8600fdf093a4e5eac5dc56084047abec50d589a8121618e3fb1f9de3f"},
    {file = "cramjam-2.7.0-cp38-cp38-manylinux_2_5_i686.manylinux1_i686.whl", hash = "sha256:01573d3c05f75845af75f87d9f6d4d995ee48fafc9c9662679d944c71e658c59"},
    {file = "cramjam-2.7.0-cp38-none-win32.whl", hash = "sha256:44e262f083a0d1c19bc7b8bf8aaa54d31653eab67762cdaeb68fb40b844d50b9"},
    {file = "cramjam-2.7.0-cp38-none-win_amd64.whl", hash = "sha256:2645f0e01735231e3c4d1568c95cc00ed477c1c2e2ed45cb123bef2ccbe72282"},
    {file = "cramjam-2.7.0-cp39-cp39-macosx_10_7_x86_64.whl", hash = "sha256:f52718e1c7aed3d0e3ffbbe5c085d9c449daa726379788ddb27cb62ffc2b6ba1"},
    {file = "cramjam-2.7.0-cp39-cp39-macosx_10_9_x86_64.macosx_11_0_arm64.macosx_10_9_universal2.whl", hash = "sha256:ee4bc46e5cf87d6097833bca33a66f2724b4773242a71ed642d13682fedefb71"},
    {file = "cramjam-2.7.0-cp39-cp39-manylinux_2_17_aarch64.manylinux2014_aarch64.whl", hash = "sha256:dd77e784289fc44a5e6487b2e263f07cc271f25a8395e97213b6a934fe47a768"},
    {file = "cramjam-2.7.0-cp39-cp39-manylinux_2_17_armv7l.manylinux2014_armv7l.whl", hash = "sha256:53ac8df43546d3f70acbc5c17424a8c083418bd6d2cacfbd5108aaa8f3eb26db"},
    {file = "cramjam-2.7.0-cp39-cp39-manylinux_2_17_ppc64le.manylinux2014_ppc64le.whl", hash = "sha256:ca6309d06edf29a9a5c22e25d1d7f7609abb8ae7281583bc486afb19fd645898"},
    {file = "cramjam-2.7.0-cp39-cp39-manylinux_2_17_s390x.manylinux2014_s390x.whl", hash = "sha256:2a96ff622f0db7f89d7c9aeadd9cc0c9bf61e804841a03a22ca919aa4955640d"},
    {file = "cramjam-2.7.0-cp39-cp39-manylinux_2_17_x86_64.manylinux2014_x86_64.whl", hash = "sha256:ebc87176851c50c5aaf6bacafb6bed5a86e3b4ee6a749d6ec13f3d37ae0e951a"},
    {file = "cramjam-2.7.0-cp39-cp39-manylinux_2_5_i686.manylinux1_i686.whl", hash = "sha256:f9340c70d95ea102cf51a07ecc09f93f1363e585d97b5276734a5f8c4476e560"},
    {file = "cramjam-2.7.0-cp39-none-win32.whl", hash = "sha256:3d5ed0fa20b42e063ef66ad01d9948e868bbfc327bf86604e078b67f074f76f3"},
    {file = "cramjam-2.7.0-cp39-none-win_amd64.whl", hash = "sha256:7e44dda432a8c8a47cb73869201d2f9777604bd913d859def84c659fb736cfd3"},
    {file = "cramjam-2.7.0-pp37-pypy37_pp73-macosx_10_7_x86_64.whl", hash = "sha256:22927dbdda85d8719074e061f9ec024c9bf16088e5e4c6c1c134c46e2d9153b7"},
    {file = "cramjam-2.7.0-pp37-pypy37_pp73-manylinux_2_17_aarch64.manylinux2014_aarch64.whl", hash = "sha256:ee80ebd85acec1031e7563cce3de3961bd3f2ec8947c5bf84a9356b25af67a75"},
    {file = "cramjam-2.7.0-pp37-pypy37_pp73-manylinux_2_17_x86_64.manylinux2014_x86_64.whl", hash = "sha256:91bb03ca0d3857f319afd13525d5c6214a55aa49778ce46a02c16f0eee37907c"},
    {file = "cramjam-2.7.0-pp38-pypy38_pp73-macosx_10_7_x86_64.whl", hash = "sha256:202e4a5a496ea49d0bb5252fbee8b6e421d256968773c7a8b3e86d98eec9228e"},
    {file = "cramjam-2.7.0-pp38-pypy38_pp73-manylinux_2_17_aarch64.manylinux2014_aarch64.whl", hash = "sha256:19c44de9dee2ea0c586a5b12adc9bc28224544717bce88a94c3ee202b9ece25d"},
    {file = "cramjam-2.7.0-pp38-pypy38_pp73-manylinux_2_17_x86_64.manylinux2014_x86_64.whl", hash = "sha256:03a72a689c93b8a2c7c08b529c1224c47bd469722e559af231016694b90f6442"},
    {file = "cramjam-2.7.0-pp39-pypy39_pp73-macosx_10_7_x86_64.whl", hash = "sha256:fbffb1f63edf4cb4272a25de288c2f2e20914bb93e003883656774e61794b960"},
    {file = "cramjam-2.7.0-pp39-pypy39_pp73-manylinux_2_17_aarch64.manylinux2014_aarch64.whl", hash = "sha256:df46019cb999d874ce86e08d71d7d2983c052d6a63f7aa6bce960e4e05e8ea37"},
    {file = "cramjam-2.7.0-pp39-pypy39_pp73-manylinux_2_17_x86_64.manylinux2014_x86_64.whl", hash = "sha256:44fe99233ef2f42ff03d8395e7d97e0c45306eb356f6f01fa69bdb49783fdb8a"},
    {file = "cramjam-2.7.0.tar.gz", hash = "sha256:579fb724eec048b1a18ca8f7ad9a7ef296dc02eba5f87fd4d5031f0c32c5c9ac"},
]

[package.extras]
dev = ["black (==22.3.0)", "hypothesis", "numpy", "pytest (>=5.30)", "pytest-xdist"]

[[package]]
name = "fastparquet"
version = "2023.8.0"
description = "Python support for Parquet file format"
optional = false
python-versions = ">=3.8"
files = [
    {file = "fastparquet-2023.8.0-cp310-cp310-macosx_10_9_universal2.whl", hash = "sha256:e374e648bc93d1b499ca29cd16ea09bc7c61b6c60910377b2bbe3d6c4f089b22"},
    {file = "fastparquet-2023.8.0-cp310-cp310-macosx_11_0_arm64.whl", hash = "sha256:31ecf82b3969203ef6aea9458ae9e27387eab80ab9d590031e5bfdff96bad2f1"},
    {file = "fastparquet-2023.8.0-cp310-cp310-manylinux_2_17_aarch64.manylinux2014_aarch64.whl", hash = "sha256:160ee84241f106a21cf4b0821e95235a47cdd0e1a41c6721380c077af01d07cc"},
    {file = "fastparquet-2023.8.0-cp310-cp310-manylinux_2_17_x86_64.manylinux2014_x86_64.whl", hash = "sha256:3619bb0fb3760038a47fd742ff66acf5b8b19f1a7b9744cb13e4dda43c314e92"},
    {file = "fastparquet-2023.8.0-cp310-cp310-manylinux_2_5_i686.manylinux1_i686.manylinux_2_17_i686.manylinux2014_i686.whl", hash = "sha256:c23425bd3934971075331113c974929d1362b381bb388825d5a2bf8150568806"},
    {file = "fastparquet-2023.8.0-cp310-cp310-musllinux_1_1_i686.whl", hash = "sha256:b0f233bd35e2121785b49b461430bb2448ef01a8b8f4196d14580827c24dea67"},
    {file = "fastparquet-2023.8.0-cp310-cp310-musllinux_1_1_x86_64.whl", hash = "sha256:1efa5a140b77ec60fec5d41135cd06ffe6f72b229a971d3756255aeca3c2fa32"},
    {file = "fastparquet-2023.8.0-cp310-cp310-win_amd64.whl", hash = "sha256:a4f7dcd88fc7d58bdefac6b29441766ec3510cf72d4da58354f75d583bd3020d"},
    {file = "fastparquet-2023.8.0-cp311-cp311-macosx_10_9_universal2.whl", hash = "sha256:afe08f3f5b7e8db8a81d765f05a85e05f808118fc981e87edfbc06456c1609b0"},
    {file = "fastparquet-2023.8.0-cp311-cp311-macosx_11_0_arm64.whl", hash = "sha256:c4b76d047511949902952d7bb22ab12129efa7ed1ddb30d07bdb087d78914079"},
    {file = "fastparquet-2023.8.0-cp311-cp311-manylinux_2_17_aarch64.manylinux2014_aarch64.whl", hash = "sha256:8eb212e0379cbc01adf904a87868dcfbb5658f71816df812ea49abb42f0d7220"},
    {file = "fastparquet-2023.8.0-cp311-cp311-manylinux_2_17_x86_64.manylinux2014_x86_64.whl", hash = "sha256:7784c2ab4cf7fff28adb2c6b7e88cd90c345f6e4cc1e39aead8b57bc4d001700"},
    {file = "fastparquet-2023.8.0-cp311-cp311-manylinux_2_5_i686.manylinux1_i686.manylinux_2_17_i686.manylinux2014_i686.whl", hash = "sha256:4f8a1381b3272c73f85dfedbdfd7c8538b46382eaaf51f18ca0e0a9afda12cf0"},
    {file = "fastparquet-2023.8.0-cp311-cp311-musllinux_1_1_i686.whl", hash = "sha256:6648ac0946264159dfadca8ff044d5c12cf0e5587fa2cef1709c4abf84866c06"},
    {file = "fastparquet-2023.8.0-cp311-cp311-musllinux_1_1_x86_64.whl", hash = "sha256:3c3a1cba8c7176690ad7db242f190c9ec6d0ae0fa1d30196db76eabe35536252"},
    {file = "fastparquet-2023.8.0-cp311-cp311-win_amd64.whl", hash = "sha256:c06bdf64512807714d25760c096ea4ac8be5f3dcee6d346a3c7e34ea9622b118"},
    {file = "fastparquet-2023.8.0-cp38-cp38-macosx_10_9_universal2.whl", hash = "sha256:e11d951450fd0734b9ee1971123c6743f5f44296fbb7258f8c92f722c5878fde"},
    {file = "fastparquet-2023.8.0-cp38-cp38-macosx_11_0_arm64.whl", hash = "sha256:23a5b302c1cdbec8450b3ba66db44210dd6b7bbbd298a3a3482588903055347f"},
    {file = "fastparquet-2023.8.0-cp38-cp38-manylinux_2_17_aarch64.manylinux2014_aarch64.whl", hash = "sha256:ac6a3a1e157fcb0a89a66d593494f1849d8004a7979bb24aa5b7c01ffb4c5e66"},
    {file = "fastparquet-2023.8.0-cp38-cp38-manylinux_2_17_x86_64.manylinux2014_x86_64.whl", hash = "sha256:8dadde182a582313aa8976afc620d73d2f1d995f29d418ecb5fc05dd015e646c"},
    {file = "fastparquet-2023.8.0-cp38-cp38-manylinux_2_5_i686.manylinux1_i686.manylinux_2_17_i686.manylinux2014_i686.whl", hash = "sha256:12e0fecff7cbf5031944f119c6e11d8a2e578ceb1c2898aa481ddc6d1bc94b6b"},
    {file = "fastparquet-2023.8.0-cp38-cp38-musllinux_1_1_i686.whl", hash = "sha256:cfe2a49cd8ca612bfbe4a23244d4a25525468b14cc72eb4550d698ec420ed17b"},
    {file = "fastparquet-2023.8.0-cp38-cp38-musllinux_1_1_x86_64.whl", hash = "sha256:b56f048b3b89400e5781093b6160cad8acdeb15f10bc8a0c14d29f96dd5abc56"},
    {file = "fastparquet-2023.8.0-cp38-cp38-win_amd64.whl", hash = "sha256:27be564460e391313ea6c9c0225710abd5c875fa85cab5b89f223961e3065772"},
    {file = "fastparquet-2023.8.0-cp39-cp39-macosx_10_9_universal2.whl", hash = "sha256:0c1bed521f149408101e90484e21f74011caa950b3fda2674539d7295f20e5eb"},
    {file = "fastparquet-2023.8.0-cp39-cp39-macosx_11_0_arm64.whl", hash = "sha256:cf33f1c9c6f02c94874fa231e28845078a413943684952c19c5b8742be0d1ef0"},
    {file = "fastparquet-2023.8.0-cp39-cp39-manylinux_2_17_aarch64.manylinux2014_aarch64.whl", hash = "sha256:dcabba07d2ad07bf07a0d85f3dcc19576c1d5c9bdd781aaa0e8673a4c8552d24"},
    {file = "fastparquet-2023.8.0-cp39-cp39-manylinux_2_17_x86_64.manylinux2014_x86_64.whl", hash = "sha256:9c78407941103c8f72270027a287db7e757431f766ce3890d4c16d4773006bd8"},
    {file = "fastparquet-2023.8.0-cp39-cp39-manylinux_2_5_i686.manylinux1_i686.manylinux_2_17_i686.manylinux2014_i686.whl", hash = "sha256:9814e320fe7040ea440e7fff6aa62cec5e7f0440d9047c7b5316d761f129e956"},
    {file = "fastparquet-2023.8.0-cp39-cp39-musllinux_1_1_i686.whl", hash = "sha256:8cea82b9260907219ef55db470c891a61bb75f913ccff3f0a9718ab45ceb1856"},
    {file = "fastparquet-2023.8.0-cp39-cp39-musllinux_1_1_x86_64.whl", hash = "sha256:72a34011217e7c3e5482d03cbee2687732c3b956120fa34666d771e7f5eed4fe"},
    {file = "fastparquet-2023.8.0-cp39-cp39-win_amd64.whl", hash = "sha256:8697a663e1997266bda5cca8107821739bd91a591229d52e3c02ccdc50377577"},
    {file = "fastparquet-2023.8.0.tar.gz", hash = "sha256:2ff39bc20869829ea8fd85bf0336c5006d0ffcc276d0de070030cf8ffd929160"},
]

[package.dependencies]
cramjam = ">=2.3"
fsspec = "*"
numpy = ">=1.20.3"
packaging = "*"
pandas = ">=1.5.0"

[package.extras]
lzo = ["python-lzo"]

[[package]]
name = "fsspec"
version = "2023.9.2"
description = "File-system specification"
optional = false
python-versions = ">=3.8"
files = [
    {file = "fsspec-2023.9.2-py3-none-any.whl", hash = "sha256:603dbc52c75b84da501b9b2ec8c11e1f61c25984c4a0dda1f129ef391fbfc9b4"},
    {file = "fsspec-2023.9.2.tar.gz", hash = "sha256:80bfb8c70cc27b2178cc62a935ecf242fc6e8c3fb801f9c571fc01b1e715ba7d"},
]

[package.extras]
abfs = ["adlfs"]
adl = ["adlfs"]
arrow = ["pyarrow (>=1)"]
dask = ["dask", "distributed"]
devel = ["pytest", "pytest-cov"]
dropbox = ["dropbox", "dropboxdrivefs", "requests"]
full = ["adlfs", "aiohttp (!=4.0.0a0,!=4.0.0a1)", "dask", "distributed", "dropbox", "dropboxdrivefs", "fusepy", "gcsfs", "libarchive-c", "ocifs", "panel", "paramiko", "pyarrow (>=1)", "pygit2", "requests", "s3fs", "smbprotocol", "tqdm"]
fuse = ["fusepy"]
gcs = ["gcsfs"]
git = ["pygit2"]
github = ["requests"]
gs = ["gcsfs"]
gui = ["panel"]
hdfs = ["pyarrow (>=1)"]
http = ["aiohttp (!=4.0.0a0,!=4.0.0a1)", "requests"]
libarchive = ["libarchive-c"]
oci = ["ocifs"]
s3 = ["s3fs"]
sftp = ["paramiko"]
smb = ["smbprotocol"]
ssh = ["paramiko"]
tqdm = ["tqdm"]

[[package]]
name = "numpy"
version = "1.25.2"
description = "Fundamental package for array computing in Python"
optional = false
python-versions = ">=3.9"
files = [
    {file = "numpy-1.25.2-cp310-cp310-macosx_10_9_x86_64.whl", hash = "sha256:db3ccc4e37a6873045580d413fe79b68e47a681af8db2e046f1dacfa11f86eb3"},
    {file = "numpy-1.25.2-cp310-cp310-macosx_11_0_arm64.whl", hash = "sha256:90319e4f002795ccfc9050110bbbaa16c944b1c37c0baeea43c5fb881693ae1f"},
    {file = "numpy-1.25.2-cp310-cp310-manylinux_2_17_aarch64.manylinux2014_aarch64.whl", hash = "sha256:dfe4a913e29b418d096e696ddd422d8a5d13ffba4ea91f9f60440a3b759b0187"},
    {file = "numpy-1.25.2-cp310-cp310-manylinux_2_17_x86_64.manylinux2014_x86_64.whl", hash = "sha256:f08f2e037bba04e707eebf4bc934f1972a315c883a9e0ebfa8a7756eabf9e357"},
    {file = "numpy-1.25.2-cp310-cp310-musllinux_1_1_x86_64.whl", hash = "sha256:bec1e7213c7cb00d67093247f8c4db156fd03075f49876957dca4711306d39c9"},
    {file = "numpy-1.25.2-cp310-cp310-win32.whl", hash = "sha256:7dc869c0c75988e1c693d0e2d5b26034644399dd929bc049db55395b1379e044"},
    {file = "numpy-1.25.2-cp310-cp310-win_amd64.whl", hash = "sha256:834b386f2b8210dca38c71a6e0f4fd6922f7d3fcff935dbe3a570945acb1b545"},
    {file = "numpy-1.25.2-cp311-cp311-macosx_10_9_x86_64.whl", hash = "sha256:c5462d19336db4560041517dbb7759c21d181a67cb01b36ca109b2ae37d32418"},
    {file = "numpy-1.25.2-cp311-cp311-macosx_11_0_arm64.whl", hash = "sha256:c5652ea24d33585ea39eb6a6a15dac87a1206a692719ff45d53c5282e66d4a8f"},
    {file = "numpy-1.25.2-cp311-cp311-manylinux_2_17_aarch64.manylinux2014_aarch64.whl", hash = "sha256:0d60fbae8e0019865fc4784745814cff1c421df5afee233db6d88ab4f14655a2"},
    {file = "numpy-1.25.2-cp311-cp311-manylinux_2_17_x86_64.manylinux2014_x86_64.whl", hash = "sha256:60e7f0f7f6d0eee8364b9a6304c2845b9c491ac706048c7e8cf47b83123b8dbf"},
    {file = "numpy-1.25.2-cp311-cp311-musllinux_1_1_x86_64.whl", hash = "sha256:bb33d5a1cf360304754913a350edda36d5b8c5331a8237268c48f91253c3a364"},
    {file = "numpy-1.25.2-cp311-cp311-win32.whl", hash = "sha256:5883c06bb92f2e6c8181df7b39971a5fb436288db58b5a1c3967702d4278691d"},
    {file = "numpy-1.25.2-cp311-cp311-win_amd64.whl", hash = "sha256:5c97325a0ba6f9d041feb9390924614b60b99209a71a69c876f71052521d42a4"},
    {file = "numpy-1.25.2-cp39-cp39-macosx_10_9_x86_64.whl", hash = "sha256:b79e513d7aac42ae918db3ad1341a015488530d0bb2a6abcbdd10a3a829ccfd3"},
    {file = "numpy-1.25.2-cp39-cp39-macosx_11_0_arm64.whl", hash = "sha256:eb942bfb6f84df5ce05dbf4b46673ffed0d3da59f13635ea9b926af3deb76926"},
    {file = "numpy-1.25.2-cp39-cp39-manylinux_2_17_aarch64.manylinux2014_aarch64.whl", hash = "sha256:3e0746410e73384e70d286f93abf2520035250aad8c5714240b0492a7302fdca"},
    {file = "numpy-1.25.2-cp39-cp39-manylinux_2_17_x86_64.manylinux2014_x86_64.whl", hash = "sha256:d7806500e4f5bdd04095e849265e55de20d8cc4b661b038957354327f6d9b295"},
    {file = "numpy-1.25.2-cp39-cp39-musllinux_1_1_x86_64.whl", hash = "sha256:8b77775f4b7df768967a7c8b3567e309f617dd5e99aeb886fa14dc1a0791141f"},
    {file = "numpy-1.25.2-cp39-cp39-win32.whl", hash = "sha256:2792d23d62ec51e50ce4d4b7d73de8f67a2fd3ea710dcbc8563a51a03fb07b01"},
    {file = "numpy-1.25.2-cp39-cp39-win_amd64.whl", hash = "sha256:76b4115d42a7dfc5d485d358728cdd8719be33cc5ec6ec08632a5d6fca2ed380"},
    {file = "numpy-1.25.2-pp39-pypy39_pp73-macosx_10_9_x86_64.whl", hash = "sha256:1a1329e26f46230bf77b02cc19e900db9b52f398d6722ca853349a782d4cff55"},
    {file = "numpy-1.25.2-pp39-pypy39_pp73-manylinux_2_17_x86_64.manylinux2014_x86_64.whl", hash = "sha256:4c3abc71e8b6edba80a01a52e66d83c5d14433cbcd26a40c329ec7ed09f37901"},
    {file = "numpy-1.25.2-pp39-pypy39_pp73-win_amd64.whl", hash = "sha256:1b9735c27cea5d995496f46a8b1cd7b408b3f34b6d50459d9ac8fe3a20cc17bf"},
    {file = "numpy-1.25.2.tar.gz", hash = "sha256:fd608e19c8d7c55021dffd43bfe5492fab8cc105cc8986f813f8c3c048b38760"},
]

[[package]]
name = "packaging"
version = "23.2"
description = "Core utilities for Python packages"
optional = false
python-versions = ">=3.7"
files = [
    {file = "packaging-23.2-py3-none-any.whl", hash = "sha256:8c491190033a9af7e1d931d0b5dacc2ef47509b34dd0de67ed209b5203fc88c7"},
    {file = "packaging-23.2.tar.gz", hash = "sha256:048fb0e9405036518eaaf48a55953c750c11e1a1b68e0dd1a9d62ed0c092cfc5"},
]

[[package]]
name = "pandas"
version = "2.1.0"
description = "Powerful data structures for data analysis, time series, and statistics"
optional = false
python-versions = ">=3.9"
files = [
    {file = "pandas-2.1.0-cp310-cp310-macosx_10_9_x86_64.whl", hash = "sha256:40dd20439ff94f1b2ed55b393ecee9cb6f3b08104c2c40b0cb7186a2f0046242"},
    {file = "pandas-2.1.0-cp310-cp310-macosx_11_0_arm64.whl", hash = "sha256:d4f38e4fedeba580285eaac7ede4f686c6701a9e618d8a857b138a126d067f2f"},
    {file = "pandas-2.1.0-cp310-cp310-manylinux_2_17_aarch64.manylinux2014_aarch64.whl", hash = "sha256:6e6a0fe052cf27ceb29be9429428b4918f3740e37ff185658f40d8702f0b3e09"},
    {file = "pandas-2.1.0-cp310-cp310-manylinux_2_17_x86_64.manylinux2014_x86_64.whl", hash = "sha256:9d81e1813191070440d4c7a413cb673052b3b4a984ffd86b8dd468c45742d3cc"},
    {file = "pandas-2.1.0-cp310-cp310-musllinux_1_1_x86_64.whl", hash = "sha256:eb20252720b1cc1b7d0b2879ffc7e0542dd568f24d7c4b2347cb035206936421"},
    {file = "pandas-2.1.0-cp310-cp310-win_amd64.whl", hash = "sha256:38f74ef7ebc0ffb43b3d633e23d74882bce7e27bfa09607f3c5d3e03ffd9a4a5"},
    {file = "pandas-2.1.0-cp311-cp311-macosx_10_9_x86_64.whl", hash = "sha256:cda72cc8c4761c8f1d97b169661f23a86b16fdb240bdc341173aee17e4d6cedd"},
    {file = "pandas-2.1.0-cp311-cp311-macosx_11_0_arm64.whl", hash = "sha256:d97daeac0db8c993420b10da4f5f5b39b01fc9ca689a17844e07c0a35ac96b4b"},
    {file = "pandas-2.1.0-cp311-cp311-manylinux_2_17_aarch64.manylinux2014_aarch64.whl", hash = "sha256:d8c58b1113892e0c8078f006a167cc210a92bdae23322bb4614f2f0b7a4b510f"},
    {file = "pandas-2.1.0-cp311-cp311-manylinux_2_17_x86_64.manylinux2014_x86_64.whl", hash = "sha256:629124923bcf798965b054a540f9ccdfd60f71361255c81fa1ecd94a904b9dd3"},
    {file = "pandas-2.1.0-cp311-cp311-musllinux_1_1_x86_64.whl", hash = "sha256:70cf866af3ab346a10debba8ea78077cf3a8cd14bd5e4bed3d41555a3280041c"},
    {file = "pandas-2.1.0-cp311-cp311-win_amd64.whl", hash = "sha256:d53c8c1001f6a192ff1de1efe03b31a423d0eee2e9e855e69d004308e046e694"},
    {file = "pandas-2.1.0-cp39-cp39-macosx_10_9_x86_64.whl", hash = "sha256:86f100b3876b8c6d1a2c66207288ead435dc71041ee4aea789e55ef0e06408cb"},
    {file = "pandas-2.1.0-cp39-cp39-macosx_11_0_arm64.whl", hash = "sha256:28f330845ad21c11db51e02d8d69acc9035edfd1116926ff7245c7215db57957"},
    {file = "pandas-2.1.0-cp39-cp39-manylinux_2_17_aarch64.manylinux2014_aarch64.whl", hash = "sha256:b9a6ccf0963db88f9b12df6720e55f337447aea217f426a22d71f4213a3099a6"},
    {file = "pandas-2.1.0-cp39-cp39-manylinux_2_17_x86_64.manylinux2014_x86_64.whl", hash = "sha256:d99e678180bc59b0c9443314297bddce4ad35727a1a2656dbe585fd78710b3b9"},
    {file = "pandas-2.1.0-cp39-cp39-musllinux_1_1_x86_64.whl", hash = "sha256:b31da36d376d50a1a492efb18097b9101bdbd8b3fbb3f49006e02d4495d4c644"},
    {file = "pandas-2.1.0-cp39-cp39-win_amd64.whl", hash = "sha256:0164b85937707ec7f70b34a6c3a578dbf0f50787f910f21ca3b26a7fd3363437"},
    {file = "pandas-2.1.0.tar.gz", hash = "sha256:62c24c7fc59e42b775ce0679cfa7b14a5f9bfb7643cfbe708c960699e05fb918"},
]

[package.dependencies]
numpy = {version = ">=1.23.2", markers = "python_version >= \"3.11\""}
python-dateutil = ">=2.8.2"
pytz = ">=2020.1"
tzdata = ">=2022.1"

[package.extras]
all = ["PyQt5 (>=5.15.6)", "SQLAlchemy (>=1.4.36)", "beautifulsoup4 (>=4.11.1)", "bottleneck (>=1.3.4)", "dataframe-api-compat (>=0.1.7)", "fastparquet (>=0.8.1)", "fsspec (>=2022.05.0)", "gcsfs (>=2022.05.0)", "html5lib (>=1.1)", "hypothesis (>=6.46.1)", "jinja2 (>=3.1.2)", "lxml (>=4.8.0)", "matplotlib (>=3.6.1)", "numba (>=0.55.2)", "numexpr (>=2.8.0)", "odfpy (>=1.4.1)", "openpyxl (>=3.0.10)", "pandas-gbq (>=0.17.5)", "psycopg2 (>=2.9.3)", "pyarrow (>=7.0.0)", "pymysql (>=1.0.2)", "pyreadstat (>=1.1.5)", "pytest (>=7.3.2)", "pytest-asyncio (>=0.17.0)", "pytest-xdist (>=2.2.0)", "pyxlsb (>=1.0.9)", "qtpy (>=2.2.0)", "s3fs (>=2022.05.0)", "scipy (>=1.8.1)", "tables (>=3.7.0)", "tabulate (>=0.8.10)", "xarray (>=2022.03.0)", "xlrd (>=2.0.1)", "xlsxwriter (>=3.0.3)", "zstandard (>=0.17.0)"]
aws = ["s3fs (>=2022.05.0)"]
clipboard = ["PyQt5 (>=5.15.6)", "qtpy (>=2.2.0)"]
compression = ["zstandard (>=0.17.0)"]
computation = ["scipy (>=1.8.1)", "xarray (>=2022.03.0)"]
consortium-standard = ["dataframe-api-compat (>=0.1.7)"]
excel = ["odfpy (>=1.4.1)", "openpyxl (>=3.0.10)", "pyxlsb (>=1.0.9)", "xlrd (>=2.0.1)", "xlsxwriter (>=3.0.3)"]
feather = ["pyarrow (>=7.0.0)"]
fss = ["fsspec (>=2022.05.0)"]
gcp = ["gcsfs (>=2022.05.0)", "pandas-gbq (>=0.17.5)"]
hdf5 = ["tables (>=3.7.0)"]
html = ["beautifulsoup4 (>=4.11.1)", "html5lib (>=1.1)", "lxml (>=4.8.0)"]
mysql = ["SQLAlchemy (>=1.4.36)", "pymysql (>=1.0.2)"]
output-formatting = ["jinja2 (>=3.1.2)", "tabulate (>=0.8.10)"]
parquet = ["pyarrow (>=7.0.0)"]
performance = ["bottleneck (>=1.3.4)", "numba (>=0.55.2)", "numexpr (>=2.8.0)"]
plot = ["matplotlib (>=3.6.1)"]
postgresql = ["SQLAlchemy (>=1.4.36)", "psycopg2 (>=2.9.3)"]
spss = ["pyreadstat (>=1.1.5)"]
sql-other = ["SQLAlchemy (>=1.4.36)"]
test = ["hypothesis (>=6.46.1)", "pytest (>=7.3.2)", "pytest-asyncio (>=0.17.0)", "pytest-xdist (>=2.2.0)"]
xml = ["lxml (>=4.8.0)"]

[[package]]
name = "pandas"
version = "2.1.1"
description = "Powerful data structures for data analysis, time series, and statistics"
optional = false
python-versions = ">=3.9"
files = [
    {file = "pandas-2.1.1-cp310-cp310-macosx_10_9_x86_64.whl", hash = "sha256:58d997dbee0d4b64f3cb881a24f918b5f25dd64ddf31f467bb9b67ae4c63a1e4"},
    {file = "pandas-2.1.1-cp310-cp310-macosx_11_0_arm64.whl", hash = "sha256:02304e11582c5d090e5a52aec726f31fe3f42895d6bfc1f28738f9b64b6f0614"},
    {file = "pandas-2.1.1-cp310-cp310-manylinux_2_17_aarch64.manylinux2014_aarch64.whl", hash = "sha256:ffa8f0966de2c22de408d0e322db2faed6f6e74265aa0856f3824813cf124363"},
    {file = "pandas-2.1.1-cp310-cp310-manylinux_2_17_x86_64.manylinux2014_x86_64.whl", hash = "sha256:c1f84c144dee086fe4f04a472b5cd51e680f061adf75c1ae4fc3a9275560f8f4"},
    {file = "pandas-2.1.1-cp310-cp310-musllinux_1_1_x86_64.whl", hash = "sha256:75ce97667d06d69396d72be074f0556698c7f662029322027c226fd7a26965cb"},
    {file = "pandas-2.1.1-cp310-cp310-win_amd64.whl", hash = "sha256:4c3f32fd7c4dccd035f71734df39231ac1a6ff95e8bdab8d891167197b7018d2"},
    {file = "pandas-2.1.1-cp311-cp311-macosx_10_9_x86_64.whl", hash = "sha256:9e2959720b70e106bb1d8b6eadd8ecd7c8e99ccdbe03ee03260877184bb2877d"},
    {file = "pandas-2.1.1-cp311-cp311-macosx_11_0_arm64.whl", hash = "sha256:25e8474a8eb258e391e30c288eecec565bfed3e026f312b0cbd709a63906b6f8"},
    {file = "pandas-2.1.1-cp311-cp311-manylinux_2_17_aarch64.manylinux2014_aarch64.whl", hash = "sha256:b8bd1685556f3374520466998929bade3076aeae77c3e67ada5ed2b90b4de7f0"},
    {file = "pandas-2.1.1-cp311-cp311-manylinux_2_17_x86_64.manylinux2014_x86_64.whl", hash = "sha256:dc3657869c7902810f32bd072f0740487f9e030c1a3ab03e0af093db35a9d14e"},
    {file = "pandas-2.1.1-cp311-cp311-musllinux_1_1_x86_64.whl", hash = "sha256:05674536bd477af36aa2effd4ec8f71b92234ce0cc174de34fd21e2ee99adbc2"},
    {file = "pandas-2.1.1-cp311-cp311-win_amd64.whl", hash = "sha256:b407381258a667df49d58a1b637be33e514b07f9285feb27769cedb3ab3d0b3a"},
    {file = "pandas-2.1.1-cp312-cp312-macosx_10_9_x86_64.whl", hash = "sha256:c747793c4e9dcece7bb20156179529898abf505fe32cb40c4052107a3c620b49"},
    {file = "pandas-2.1.1-cp312-cp312-macosx_11_0_arm64.whl", hash = "sha256:3bcad1e6fb34b727b016775bea407311f7721db87e5b409e6542f4546a4951ea"},
    {file = "pandas-2.1.1-cp312-cp312-manylinux_2_17_aarch64.manylinux2014_aarch64.whl", hash = "sha256:f5ec7740f9ccb90aec64edd71434711f58ee0ea7f5ed4ac48be11cfa9abf7317"},
    {file = "pandas-2.1.1-cp312-cp312-manylinux_2_17_x86_64.manylinux2014_x86_64.whl", hash = "sha256:29deb61de5a8a93bdd033df328441a79fcf8dd3c12d5ed0b41a395eef9cd76f0"},
    {file = "pandas-2.1.1-cp312-cp312-musllinux_1_1_x86_64.whl", hash = "sha256:4f99bebf19b7e03cf80a4e770a3e65eee9dd4e2679039f542d7c1ace7b7b1daa"},
    {file = "pandas-2.1.1-cp312-cp312-win_amd64.whl", hash = "sha256:84e7e910096416adec68075dc87b986ff202920fb8704e6d9c8c9897fe7332d6"},
    {file = "pandas-2.1.1-cp39-cp39-macosx_10_9_x86_64.whl", hash = "sha256:366da7b0e540d1b908886d4feb3d951f2f1e572e655c1160f5fde28ad4abb750"},
    {file = "pandas-2.1.1-cp39-cp39-macosx_11_0_arm64.whl", hash = "sha256:9e50e72b667415a816ac27dfcfe686dc5a0b02202e06196b943d54c4f9c7693e"},
    {file = "pandas-2.1.1-cp39-cp39-manylinux_2_17_aarch64.manylinux2014_aarch64.whl", hash = "sha256:cc1ab6a25da197f03ebe6d8fa17273126120874386b4ac11c1d687df288542dd"},
    {file = "pandas-2.1.1-cp39-cp39-manylinux_2_17_x86_64.manylinux2014_x86_64.whl", hash = "sha256:a0dbfea0dd3901ad4ce2306575c54348d98499c95be01b8d885a2737fe4d7a98"},
    {file = "pandas-2.1.1-cp39-cp39-musllinux_1_1_x86_64.whl", hash = "sha256:0489b0e6aa3d907e909aef92975edae89b1ee1654db5eafb9be633b0124abe97"},
    {file = "pandas-2.1.1-cp39-cp39-win_amd64.whl", hash = "sha256:4cdb0fab0400c2cb46dafcf1a0fe084c8bb2480a1fa8d81e19d15e12e6d4ded2"},
    {file = "pandas-2.1.1.tar.gz", hash = "sha256:fecb198dc389429be557cde50a2d46da8434a17fe37d7d41ff102e3987fd947b"},
]

[package.dependencies]
numpy = {version = ">=1.23.2", markers = "python_version == \"3.11\""}
python-dateutil = ">=2.8.2"
pytz = ">=2020.1"
tzdata = ">=2022.1"

[package.extras]
all = ["PyQt5 (>=5.15.6)", "SQLAlchemy (>=1.4.36)", "beautifulsoup4 (>=4.11.1)", "bottleneck (>=1.3.4)", "dataframe-api-compat (>=0.1.7)", "fastparquet (>=0.8.1)", "fsspec (>=2022.05.0)", "gcsfs (>=2022.05.0)", "html5lib (>=1.1)", "hypothesis (>=6.46.1)", "jinja2 (>=3.1.2)", "lxml (>=4.8.0)", "matplotlib (>=3.6.1)", "numba (>=0.55.2)", "numexpr (>=2.8.0)", "odfpy (>=1.4.1)", "openpyxl (>=3.0.10)", "pandas-gbq (>=0.17.5)", "psycopg2 (>=2.9.3)", "pyarrow (>=7.0.0)", "pymysql (>=1.0.2)", "pyreadstat (>=1.1.5)", "pytest (>=7.3.2)", "pytest-asyncio (>=0.17.0)", "pytest-xdist (>=2.2.0)", "pyxlsb (>=1.0.9)", "qtpy (>=2.2.0)", "s3fs (>=2022.05.0)", "scipy (>=1.8.1)", "tables (>=3.7.0)", "tabulate (>=0.8.10)", "xarray (>=2022.03.0)", "xlrd (>=2.0.1)", "xlsxwriter (>=3.0.3)", "zstandard (>=0.17.0)"]
aws = ["s3fs (>=2022.05.0)"]
clipboard = ["PyQt5 (>=5.15.6)", "qtpy (>=2.2.0)"]
compression = ["zstandard (>=0.17.0)"]
computation = ["scipy (>=1.8.1)", "xarray (>=2022.03.0)"]
consortium-standard = ["dataframe-api-compat (>=0.1.7)"]
excel = ["odfpy (>=1.4.1)", "openpyxl (>=3.0.10)", "pyxlsb (>=1.0.9)", "xlrd (>=2.0.1)", "xlsxwriter (>=3.0.3)"]
feather = ["pyarrow (>=7.0.0)"]
fss = ["fsspec (>=2022.05.0)"]
gcp = ["gcsfs (>=2022.05.0)", "pandas-gbq (>=0.17.5)"]
hdf5 = ["tables (>=3.7.0)"]
html = ["beautifulsoup4 (>=4.11.1)", "html5lib (>=1.1)", "lxml (>=4.8.0)"]
mysql = ["SQLAlchemy (>=1.4.36)", "pymysql (>=1.0.2)"]
output-formatting = ["jinja2 (>=3.1.2)", "tabulate (>=0.8.10)"]
parquet = ["pyarrow (>=7.0.0)"]
performance = ["bottleneck (>=1.3.4)", "numba (>=0.55.2)", "numexpr (>=2.8.0)"]
plot = ["matplotlib (>=3.6.1)"]
postgresql = ["SQLAlchemy (>=1.4.36)", "psycopg2 (>=2.9.3)"]
spss = ["pyreadstat (>=1.1.5)"]
sql-other = ["SQLAlchemy (>=1.4.36)"]
test = ["hypothesis (>=6.46.1)", "pytest (>=7.3.2)", "pytest-asyncio (>=0.17.0)", "pytest-xdist (>=2.2.0)"]
xml = ["lxml (>=4.8.0)"]

[[package]]
name = "python-dateutil"
version = "2.8.2"
description = "Extensions to the standard Python datetime module"
optional = false
python-versions = "!=3.0.*,!=3.1.*,!=3.2.*,>=2.7"
files = [
    {file = "python-dateutil-2.8.2.tar.gz", hash = "sha256:0123cacc1627ae19ddf3c27a5de5bd67ee4586fbdd6440d9748f8abb483d3e86"},
    {file = "python_dateutil-2.8.2-py2.py3-none-any.whl", hash = "sha256:961d03dc3453ebbc59dbdea9e4e11c5651520a876d0f4db161e8674aae935da9"},
]

[package.dependencies]
six = ">=1.5"

[[package]]
name = "pytz"
version = "2023.3.post1"
description = "World timezone definitions, modern and historical"
optional = false
python-versions = "*"
files = [
    {file = "pytz-2023.3.post1-py2.py3-none-any.whl", hash = "sha256:ce42d816b81b68506614c11e8937d3aa9e41007ceb50bfdcb0749b921bf646c7"},
    {file = "pytz-2023.3.post1.tar.gz", hash = "sha256:7b4fddbeb94a1eba4b557da24f19fdf9db575192544270a9101d8509f9f43d7b"},
]

[[package]]
name = "six"
version = "1.16.0"
description = "Python 2 and 3 compatibility utilities"
optional = false
python-versions = ">=2.7, !=3.0.*, !=3.1.*, !=3.2.*"
files = [
    {file = "six-1.16.0-py2.py3-none-any.whl", hash = "sha256:8abb2f1d86890a2dfb989f9a77cfcfd3e47c2a354b01111771326f8aa26e0254"},
    {file = "six-1.16.0.tar.gz", hash = "sha256:1e61c37477a1626458e36f7b1d82aa5c9b094fa4802892072e49de9c60c4c926"},
]

[[package]]
name = "tzdata"
version = "2023.3"
description = "Provider of IANA time zone data"
optional = false
python-versions = ">=2"
files = [
    {file = "tzdata-2023.3-py2.py3-none-any.whl", hash = "sha256:7e65763eef3120314099b6939b5546db7adce1e7d6f2e179e3df563c70511eda"},
    {file = "tzdata-2023.3.tar.gz", hash = "sha256:11ef1e08e54acb0d4f95bdb1be05da659673de4acbd21bf9c69e94cc5e907a3a"},
]

[metadata]
lock-version = "2.0"
python-versions = "^3.11"
content-hash = "45d584ed159ca98699cfa9431064ce09697591f20f98c10e5f91309cee474df0"
